
Microsoft Visual Studio Solution File, Format Version 12.00
# Visual Studio 15
Project("{FAE04EC0-301F-11D3-BF4B-00C04F79EFBC}") = "BestHTTP", "BestHTTP.csproj", "{FAF083AF-5772-2AAB-AE06-FC76516176C6}"
EndProject
Project("{FAE04EC0-301F-11D3-BF4B-00C04F79EFBC}") = "Assembly-CSharp", "Assembly-CSharp.csproj", "{BA05DD23-8959-F9E2-216C-287BF1F719CE}"
EndProject
Project("{FAE04EC0-301F-11D3-BF4B-00C04F79EFBC}") = "Assembly-CSharp-Editor", "Assembly-CSharp-Editor.csproj", "{CF98D907-A229-9294-CD6F-023AAB1130E0}"
EndProject
Project("{FAE04EC0-301F-11D3-BF4B-00C04F79EFBC}") = "Assembly-CSharp-firstpass", "Assembly-CSharp-firstpass.csproj", "{F0AD5C4F-1732-1D5E-DD0C-D27ED9BE7271}"
EndProject
Global
	GlobalSection(SolutionConfigurationPlatforms) = preSolution
		Debug|Any CPU = Debug|Any CPU
		Release|Any CPU = Release|Any CPU
	EndGlobalSection
	GlobalSection(ProjectConfigurationPlatforms) = postSolution
		{FAF083AF-5772-2AAB-AE06-FC76516176C6}.Debug|Any CPU.ActiveCfg = Debug|Any CPU
		{FAF083AF-5772-2AAB-AE06-FC76516176C6}.Debug|Any CPU.Build.0 = Debug|Any CPU
		{FAF083AF-5772-2AAB-AE06-FC76516176C6}.Release|Any CPU.ActiveCfg = Release|Any CPU
		{FAF083AF-5772-2AAB-AE06-FC76516176C6}.Release|Any CPU.Build.0 = Release|Any CPU
		{BA05DD23-8959-F9E2-216C-287BF1F719CE}.Debug|Any CPU.ActiveCfg = Debug|Any CPU
		{BA05DD23-8959-F9E2-216C-287BF1F719CE}.Debug|Any CPU.Build.0 = Debug|Any CPU
		{BA05DD23-8959-F9E2-216C-287BF1F719CE}.Release|Any CPU.ActiveCfg = Release|Any CPU
		{BA05DD23-8959-F9E2-216C-287BF1F719CE}.Release|Any CPU.Build.0 = Release|Any CPU
		{CF98D907-A229-9294-CD6F-023AAB1130E0}.Debug|Any CPU.ActiveCfg = Debug|Any CPU
		{CF98D907-A229-9294-CD6F-023AAB1130E0}.Debug|Any CPU.Build.0 = Debug|Any CPU
		{CF98D907-A229-9294-CD6F-023AAB1130E0}.Release|Any CPU.ActiveCfg = Release|Any CPU
		{CF98D907-A229-9294-CD6F-023AAB1130E0}.Release|Any CPU.Build.0 = Release|Any CPU
		{F0AD5C4F-1732-1D5E-DD0C-D27ED9BE7271}.Debug|Any CPU.ActiveCfg = Debug|Any CPU
		{F0AD5C4F-1732-1D5E-DD0C-D27ED9BE7271}.Debug|Any CPU.Build.0 = Debug|Any CPU
		{F0AD5C4F-1732-1D5E-DD0C-D27ED9BE7271}.Release|Any CPU.ActiveCfg = Release|Any CPU
		{F0AD5C4F-1732-1D5E-DD0C-D27ED9BE7271}.Release|Any CPU.Build.0 = Release|Any CPU
	EndGlobalSection
	GlobalSection(SolutionProperties) = preSolution
		HideSolutionNode = FALSE
	EndGlobalSection
EndGlobal
